
Microsoft Visual Studio Solution File, Format Version 12.00
# Visual Studio Version 17
VisualStudioVersion = 17.3.32929.385
MinimumVisualStudioVersion = 10.0.40219.1
Project("{FAE04EC0-301F-11D3-BF4B-00C04F79EFBC}") = "assiment2_2", "assiment2_2\assiment2_2.csproj", "{5BBC74D8-C948-4D98-B0D0-2B4B5D149485}"
EndProject
Global
	GlobalSection(SolutionConfigurationPlatforms) = preSolution
		Debug|Any CPU = Debug|Any CPU
		Release|Any CPU = Release|Any CPU
	EndGlobalSection
	GlobalSection(ProjectConfigurationPlatforms) = postSolution
		{5BBC74D8-C948-4D98-B0D0-2B4B5D149485}.Debug|Any CPU.ActiveCfg = Debug|Any CPU
		{5BBC74D8-C948-4D98-B0D0-2B4B5D149485}.Debug|Any CPU.Build.0 = Debug|Any CPU
		{5BBC74D8-C948-4D98-B0D0-2B4B5D149485}.Release|Any CPU.ActiveCfg = Release|Any CPU
		{5BBC74D8-C948-4D98-B0D0-2B4B5D149485}.Release|Any CPU.Build.0 = Release|Any CPU
	EndGlobalSection
	GlobalSection(SolutionProperties) = preSolution
		HideSolutionNode = FALSE
	EndGlobalSection
	GlobalSection(ExtensibilityGlobals) = postSolution
		SolutionGuid = {B73103FB-EDBB-49EE-9CF8-0A9F1FD93C02}
	EndGlobalSection
EndGlobal
